
Microsoft Visual Studio Solution File, Format Version 12.00
# Visual Studio Version 16
VisualStudioVersion = 16.0.30611.23
MinimumVisualStudioVersion = 10.0.40219.1
Project("{FAE04EC0-301F-11D3-BF4B-00C04F79EFBC}") = "YurtKayitSistemi1", "YurtKayitSistemi1.csproj", "{21809780-306E-4037-89D1-A4972CC4B116}"
EndProject
Global
	GlobalSection(SolutionConfigurationPlatforms) = preSolution
		Debug|Any CPU = Debug|Any CPU
		Release|Any CPU = Release|Any CPU
	EndGlobalSection
	GlobalSection(ProjectConfigurationPlatforms) = postSolution
		{21809780-306E-4037-89D1-A4972CC4B116}.Debug|Any CPU.ActiveCfg = Debug|Any CPU
		{21809780-306E-4037-89D1-A4972CC4B116}.Debug|Any CPU.Build.0 = Debug|Any CPU
		{21809780-306E-4037-89D1-A4972CC4B116}.Release|Any CPU.ActiveCfg = Release|Any CPU
		{21809780-306E-4037-89D1-A4972CC4B116}.Release|Any CPU.Build.0 = Release|Any CPU
	EndGlobalSection
	GlobalSection(SolutionProperties) = preSolution
		HideSolutionNode = FALSE
	EndGlobalSection
	GlobalSection(ExtensibilityGlobals) = postSolution
		SolutionGuid = {39148184-D9EC-45FA-BB59-6EAB23083996}
	EndGlobalSection
EndGlobal
